
Microsoft Visual Studio Solution File, Format Version 12.00
# Visual Studio Version 17
VisualStudioVersion = 17.0.32014.148
MinimumVisualStudioVersion = 10.0.40219.1
Project("{FAE04EC0-301F-11D3-BF4B-00C04F79EFBC}") = "PathFinderApi", "PathFinderApi\PathFinderApi.csproj", "{ACB2A0F5-46E3-465D-AF35-1C72CDB91D3B}"
EndProject
Project("{9A19103F-16F7-4668-BE54-9A1E7A4F7556}") = "PathFinder", "..\PathFinder\PathFinder\PathFinder.csproj", "{E6BED210-B04B-463B-82AC-4BE6354E00D2}"
EndProject
Global
	GlobalSection(SolutionConfigurationPlatforms) = preSolution
		Debug|Any CPU = Debug|Any CPU
		Release|Any CPU = Release|Any CPU
	EndGlobalSection
	GlobalSection(ProjectConfigurationPlatforms) = postSolution
		{ACB2A0F5-46E3-465D-AF35-1C72CDB91D3B}.Debug|Any CPU.ActiveCfg = Debug|Any CPU
		{ACB2A0F5-46E3-465D-AF35-1C72CDB91D3B}.Debug|Any CPU.Build.0 = Debug|Any CPU
		{ACB2A0F5-46E3-465D-AF35-1C72CDB91D3B}.Release|Any CPU.ActiveCfg = Release|Any CPU
		{ACB2A0F5-46E3-465D-AF35-1C72CDB91D3B}.Release|Any CPU.Build.0 = Release|Any CPU
		{E6BED210-B04B-463B-82AC-4BE6354E00D2}.Debug|Any CPU.ActiveCfg = Debug|Any CPU
		{E6BED210-B04B-463B-82AC-4BE6354E00D2}.Debug|Any CPU.Build.0 = Debug|Any CPU
		{E6BED210-B04B-463B-82AC-4BE6354E00D2}.Release|Any CPU.ActiveCfg = Release|Any CPU
		{E6BED210-B04B-463B-82AC-4BE6354E00D2}.Release|Any CPU.Build.0 = Release|Any CPU
	EndGlobalSection
	GlobalSection(SolutionProperties) = preSolution
		HideSolutionNode = FALSE
	EndGlobalSection
	GlobalSection(ExtensibilityGlobals) = postSolution
		SolutionGuid = {ED5DD19D-BBB0-4AB1-A185-92FAEBC95E18}
	EndGlobalSection
EndGlobal
